
Microsoft Visual Studio Solution File, Format Version 12.00
# Visual Studio 15
VisualStudioVersion = 15.0.27004.2006
MinimumVisualStudioVersion = 10.0.40219.1
Project("{9A19103F-16F7-4668-BE54-9A1E7A4F7556}") = "FreelanceSite.Web", "FreelanceSite.Web\FreelanceSite.Web.csproj", "{318BBD60-F0EC-4908-9BC8-F809321408BA}"
EndProject
Project("{9A19103F-16F7-4668-BE54-9A1E7A4F7556}") = "FreelanceSite.Data", "FreelanceSite.Data\FreelanceSite.Data.csproj", "{FCE89626-8268-4243-A697-B2D65A785C0C}"
EndProject
Project("{9A19103F-16F7-4668-BE54-9A1E7A4F7556}") = "FreelanceSite.Entities", "FreelanceSite.Entities\FreelanceSite.Entities.csproj", "{3540B28B-603C-4891-BADF-B2F08504B8DA}"
EndProject
Project("{9A19103F-16F7-4668-BE54-9A1E7A4F7556}") = "FreelanceSite.Infrastructure", "FreelanceSite.Infrastructure\FreelanceSite.Infrastructure.csproj", "{8F57F0E4-FFB0-4E1E-B858-CCD011265D90}"
EndProject
Project("{9A19103F-16F7-4668-BE54-9A1E7A4F7556}") = "FreelanceSite.Services", "FreelanceSite.Services\FreelanceSite.Services.csproj", "{599A97E4-9B8D-495F-804F-0F27535D7855}"
EndProject
Global
	GlobalSection(SolutionConfigurationPlatforms) = preSolution
		Debug|Any CPU = Debug|Any CPU
		Release|Any CPU = Release|Any CPU
	EndGlobalSection
	GlobalSection(ProjectConfigurationPlatforms) = postSolution
		{318BBD60-F0EC-4908-9BC8-F809321408BA}.Debug|Any CPU.ActiveCfg = Debug|Any CPU
		{318BBD60-F0EC-4908-9BC8-F809321408BA}.Debug|Any CPU.Build.0 = Debug|Any CPU
		{318BBD60-F0EC-4908-9BC8-F809321408BA}.Release|Any CPU.ActiveCfg = Release|Any CPU
		{318BBD60-F0EC-4908-9BC8-F809321408BA}.Release|Any CPU.Build.0 = Release|Any CPU
		{FCE89626-8268-4243-A697-B2D65A785C0C}.Debug|Any CPU.ActiveCfg = Debug|Any CPU
		{FCE89626-8268-4243-A697-B2D65A785C0C}.Debug|Any CPU.Build.0 = Debug|Any CPU
		{FCE89626-8268-4243-A697-B2D65A785C0C}.Release|Any CPU.ActiveCfg = Release|Any CPU
		{FCE89626-8268-4243-A697-B2D65A785C0C}.Release|Any CPU.Build.0 = Release|Any CPU
		{3540B28B-603C-4891-BADF-B2F08504B8DA}.Debug|Any CPU.ActiveCfg = Debug|Any CPU
		{3540B28B-603C-4891-BADF-B2F08504B8DA}.Debug|Any CPU.Build.0 = Debug|Any CPU
		{3540B28B-603C-4891-BADF-B2F08504B8DA}.Release|Any CPU.ActiveCfg = Release|Any CPU
		{3540B28B-603C-4891-BADF-B2F08504B8DA}.Release|Any CPU.Build.0 = Release|Any CPU
		{8F57F0E4-FFB0-4E1E-B858-CCD011265D90}.Debug|Any CPU.ActiveCfg = Debug|Any CPU
		{8F57F0E4-FFB0-4E1E-B858-CCD011265D90}.Debug|Any CPU.Build.0 = Debug|Any CPU
		{8F57F0E4-FFB0-4E1E-B858-CCD011265D90}.Release|Any CPU.ActiveCfg = Release|Any CPU
		{8F57F0E4-FFB0-4E1E-B858-CCD011265D90}.Release|Any CPU.Build.0 = Release|Any CPU
		{599A97E4-9B8D-495F-804F-0F27535D7855}.Debug|Any CPU.ActiveCfg = Debug|Any CPU
		{599A97E4-9B8D-495F-804F-0F27535D7855}.Debug|Any CPU.Build.0 = Debug|Any CPU
		{599A97E4-9B8D-495F-804F-0F27535D7855}.Release|Any CPU.ActiveCfg = Release|Any CPU
		{599A97E4-9B8D-495F-804F-0F27535D7855}.Release|Any CPU.Build.0 = Release|Any CPU
	EndGlobalSection
	GlobalSection(SolutionProperties) = preSolution
		HideSolutionNode = FALSE
	EndGlobalSection
	GlobalSection(ExtensibilityGlobals) = postSolution
		SolutionGuid = {4447FDBB-AA16-48A2-9569-8830560AC625}
	EndGlobalSection
EndGlobal
